
Microsoft Visual Studio Solution File, Format Version 12.00
# Visual Studio 2013
VisualStudioVersion = 12.0.30501.0
MinimumVisualStudioVersion = 10.0.40219.1
Project("{FAE04EC0-301F-11D3-BF4B-00C04F79EFBC}") = "api-pull", "api-pull\api-pull.csproj", "{AE27F25A-3918-48CA-8EFB-3B31F4F0BD46}"
EndProject
Project("{FAE04EC0-301F-11D3-BF4B-00C04F79EFBC}") = "model", "model\model.csproj", "{79DBF157-F4FF-460F-AB08-08C0075AAB32}"
EndProject
Project("{2150E333-8FDC-42A3-9474-1A3956D46DE8}") = "Solution Items", "Solution Items", "{13CDEBF8-884E-4FEF-900F-8A853A99964A}"
	ProjectSection(SolutionItems) = preProject
		README.md = README.md
	EndProjectSection
EndProject
Project("{FAE04EC0-301F-11D3-BF4B-00C04F79EFBC}") = "tests", "tests\tests.csproj", "{AA2280C3-14E0-4B9D-BC91-6598F8F3B54B}"
EndProject
Project("{FAE04EC0-301F-11D3-BF4B-00C04F79EFBC}") = "website", "website\website.csproj", "{CE59821F-5D75-4F38-9FB8-B8418F17607B}"
EndProject
Project("{FAE04EC0-301F-11D3-BF4B-00C04F79EFBC}") = "website-autoreload", "website-autoreload\website-autoreload.csproj", "{6CAADA07-6336-4519-A3A2-FB3666B82F5F}"
EndProject
Global
	GlobalSection(SolutionConfigurationPlatforms) = preSolution
		Debug|Any CPU = Debug|Any CPU
		Release|Any CPU = Release|Any CPU
	EndGlobalSection
	GlobalSection(ProjectConfigurationPlatforms) = postSolution
		{AE27F25A-3918-48CA-8EFB-3B31F4F0BD46}.Debug|Any CPU.ActiveCfg = Debug|Any CPU
		{AE27F25A-3918-48CA-8EFB-3B31F4F0BD46}.Debug|Any CPU.Build.0 = Debug|Any CPU
		{AE27F25A-3918-48CA-8EFB-3B31F4F0BD46}.Release|Any CPU.ActiveCfg = Release|Any CPU
		{AE27F25A-3918-48CA-8EFB-3B31F4F0BD46}.Release|Any CPU.Build.0 = Release|Any CPU
		{79DBF157-F4FF-460F-AB08-08C0075AAB32}.Debug|Any CPU.ActiveCfg = Debug|Any CPU
		{79DBF157-F4FF-460F-AB08-08C0075AAB32}.Debug|Any CPU.Build.0 = Debug|Any CPU
		{79DBF157-F4FF-460F-AB08-08C0075AAB32}.Release|Any CPU.ActiveCfg = Release|Any CPU
		{79DBF157-F4FF-460F-AB08-08C0075AAB32}.Release|Any CPU.Build.0 = Release|Any CPU
		{AA2280C3-14E0-4B9D-BC91-6598F8F3B54B}.Debug|Any CPU.ActiveCfg = Debug|Any CPU
		{AA2280C3-14E0-4B9D-BC91-6598F8F3B54B}.Debug|Any CPU.Build.0 = Debug|Any CPU
		{AA2280C3-14E0-4B9D-BC91-6598F8F3B54B}.Release|Any CPU.ActiveCfg = Release|Any CPU
		{AA2280C3-14E0-4B9D-BC91-6598F8F3B54B}.Release|Any CPU.Build.0 = Release|Any CPU
		{CE59821F-5D75-4F38-9FB8-B8418F17607B}.Debug|Any CPU.ActiveCfg = Debug|Any CPU
		{CE59821F-5D75-4F38-9FB8-B8418F17607B}.Debug|Any CPU.Build.0 = Debug|Any CPU
		{CE59821F-5D75-4F38-9FB8-B8418F17607B}.Release|Any CPU.ActiveCfg = Release|Any CPU
		{CE59821F-5D75-4F38-9FB8-B8418F17607B}.Release|Any CPU.Build.0 = Release|Any CPU
		{6CAADA07-6336-4519-A3A2-FB3666B82F5F}.Debug|Any CPU.ActiveCfg = Debug|Any CPU
		{6CAADA07-6336-4519-A3A2-FB3666B82F5F}.Debug|Any CPU.Build.0 = Debug|Any CPU
		{6CAADA07-6336-4519-A3A2-FB3666B82F5F}.Release|Any CPU.ActiveCfg = Release|Any CPU
		{6CAADA07-6336-4519-A3A2-FB3666B82F5F}.Release|Any CPU.Build.0 = Release|Any CPU
	EndGlobalSection
	GlobalSection(SolutionProperties) = preSolution
		HideSolutionNode = FALSE
	EndGlobalSection
EndGlobal
